
Microsoft Visual Studio Solution File, Format Version 12.00
# Visual Studio 15
VisualStudioVersion = 15.0.27703.2042
MinimumVisualStudioVersion = 10.0.40219.1
Project("{FAE04EC0-301F-11D3-BF4B-00C04F79EFBC}") = "TradingCompany19V", "TradingCompany19V\TradingCompany19V.csproj", "{CD108F21-70F2-45EF-B344-9333C2E0B919}"
EndProject
Global
	GlobalSection(SolutionConfigurationPlatforms) = preSolution
		Debug|Any CPU = Debug|Any CPU
		Release|Any CPU = Release|Any CPU
	EndGlobalSection
	GlobalSection(ProjectConfigurationPlatforms) = postSolution
		{CD108F21-70F2-45EF-B344-9333C2E0B919}.Debug|Any CPU.ActiveCfg = Debug|Any CPU
		{CD108F21-70F2-45EF-B344-9333C2E0B919}.Debug|Any CPU.Build.0 = Debug|Any CPU
		{CD108F21-70F2-45EF-B344-9333C2E0B919}.Release|Any CPU.ActiveCfg = Release|Any CPU
		{CD108F21-70F2-45EF-B344-9333C2E0B919}.Release|Any CPU.Build.0 = Release|Any CPU
	EndGlobalSection
	GlobalSection(SolutionProperties) = preSolution
		HideSolutionNode = FALSE
	EndGlobalSection
	GlobalSection(ExtensibilityGlobals) = postSolution
		SolutionGuid = {F15A3B3B-9271-427A-B988-1618D5BDD655}
	EndGlobalSection
EndGlobal
